{
  "name": "herolo-cinema",
  "version": "0.1.0",
  "lockfileVersion": 1,
  "requires": true,
  "dependencies": {
    "bootstrap": {
      "version": "3.3.7",
      "resolved": "http://registry.npmjs.org/bootstrap/-/bootstrap-3.3.7.tgz",
      "integrity": "sha1-WjiTlFSfIzMIdaOxUGVldPip63E="
    },
    "bootstrap-4-react": {
      "version": "0.0.56",
      "resolved": "https://registry.npmjs.org/bootstrap-4-react/-/bootstrap-4-react-0.0.56.tgz",
      "integrity": "sha512-J/vTzRGay0ef4hvXT+Kp6CyjTOTDuDB7oKig6PD8rHl8aLkDjS1Bkofmw/RUdXndgJDSYROaAlwWpPW5MJ2SWw==",
      "requires": {
        "bootstrap-4-required": "0.0.1",
        "fsts": "0.0.44"
      }
    },
    "bootstrap-4-required": {
      "version": "0.0.1",
      "resolved": "https://registry.npmjs.org/bootstrap-4-required/-/bootstrap-4-required-0.0.1.tgz",
      "integrity": "sha512-4S6Trn9pRVSR756GRYr3hy2cZL3Vc0tw0/H9E+mbNeOR+4tn6CeRgcLx0YqZmL2XlabtEV73+XAesmwkgTDKvQ=="
    },
    "fsts": {
      "version": "0.0.44",
      "resolved": "https://registry.npmjs.org/fsts/-/fsts-0.0.44.tgz",
      "integrity": "sha512-0U4qvbzOE+3s2711DdszIyaAnZ3M0dbFAhnkez/ITy31MwzDI2lepGSkVeFOyx6jqWvwaSZr01RP4hdM4I8wxQ=="
    },
    "jquery": {
      "version": "3.3.1",
      "resolved": "https://registry.npmjs.org/jquery/-/jquery-3.3.1.tgz",
      "integrity": "sha512-Ubldcmxp5np52/ENotGxlLe6aGMvmF4R8S6tZjsP6Knsaxd/xp3Zrh50cG93lR6nPXyUFwzN3ZSOQI0wRJNdGg=="
    },
    "popper.js": {
      "version": "1.14.4",
      "resolved": "https://registry.npmjs.org/popper.js/-/popper.js-1.14.4.tgz",
      "integrity": "sha1-juwdj/AqWjoVLdQ0FKFce3n9abY="
    }
  }
}
